{
  "name": "eve-image-service",
  "version": "0.0.3",
  "lockfileVersion": 1,
  "requires": true,
  "dependencies": {
    "@types/bent": {
      "version": "7.0.1",
      "resolved": "https://registry.npmjs.org/@types/bent/-/bent-7.0.1.tgz",
      "integrity": "sha512-WgkridLPfbgdgCavp70c6vFR3cLV2n8hoyAG+xZjouiADpN6niow/OzszH02cRtW25dYoJnEaGWQ8siMO7Bh0Q==",
      "dev": true,
      "requires": {
        "@types/node": "*"
      }
    },
    "@types/form-urlencoded": {
      "version": "2.0.1",
      "resolved": "https://registry.npmjs.org/@types/form-urlencoded/-/form-urlencoded-2.0.1.tgz",
      "integrity": "sha512-Kz3LwezuNvsQF8ZcswMv4b5ZhKmjTkH2Rxle6l/520Npvaxho6b4HN9lStp6HhGrZsL/rwJHpWK9vM1RA7uZbw==",
      "dev": true
    },
    "@types/node": {
      "version": "13.9.5",
      "resolved": "https://registry.npmjs.org/@types/node/-/node-13.9.5.tgz",
      "integrity": "sha512-hkzMMD3xu6BrJpGVLeQ3htQQNAcOrJjX7WFmtK8zWQpz2UJf13LCFF2ALA7c9OVdvc2vQJeDdjfR35M0sBCxvw==",
      "dev": true
    },
    "bent": {
      "version": "7.1.2",
      "resolved": "https://registry.npmjs.org/bent/-/bent-7.1.2.tgz",
      "integrity": "sha512-6/9rCLr7M5uLDRMyNhDMY+G2oqVcZM0A2y2/+hRPLqxIVnNC1LPUrYJ2hPwRUunAJyfe9bGZQ5WNvTZhlbOhVw==",
      "requires": {
        "bytesish": "^0.4.1",
        "caseless": "~0.12.0",
        "is-stream": "^2.0.0"
      }
    },
    "bytesish": {
      "version": "0.4.1",
      "resolved": "https://registry.npmjs.org/bytesish/-/bytesish-0.4.1.tgz",
      "integrity": "sha512-j3l5QmnAbpOfcN/Z2Jcv4poQYfefs8rDdcbc6iEKm+OolvUXAE2APodpWj+DOzqX6Bl5Ys1cQkcIV2/doGvQxg=="
    },
    "caseless": {
      "version": "0.12.0",
      "resolved": "https://registry.npmjs.org/caseless/-/caseless-0.12.0.tgz",
      "integrity": "sha1-G2gcIf+EAzyCZUMJBolCDRhxUdw="
    },
    "form-urlencoded": {
      "version": "4.1.3",
      "resolved": "https://registry.npmjs.org/form-urlencoded/-/form-urlencoded-4.1.3.tgz",
      "integrity": "sha512-z0YJtPuq0BSOrErlpj+o1KHTRaOH6LN16043ZVK2Wk5uUGpX308PJ5ZJDtU++ndoZkzASHVclUTD2mb1jHzqlA=="
    },
    "is-stream": {
      "version": "2.0.0",
      "resolved": "https://registry.npmjs.org/is-stream/-/is-stream-2.0.0.tgz",
      "integrity": "sha512-XCoy+WlUr7d1+Z8GgSuXmpuUFC9fOhRXglJMx+dwLKTkL44Cjd4W1Z5P+BQZpr+cR93aGP4S/s7Ftw6Nd/kiEw=="
    }
  }
}
